
Microsoft Visual Studio Solution File, Format Version 12.00
# Visual Studio Version 16
VisualStudioVersion = 16.0.29509.3
MinimumVisualStudioVersion = 10.0.40219.1
Project("{FAE04EC0-301F-11D3-BF4B-00C04F79EFBC}") = "QuanLyThucTap", "QuanLyThucTap\QuanLyThucTap.csproj", "{60081B3F-A138-45F6-9D24-D4EA138551E8}"
EndProject
Global
	GlobalSection(SolutionConfigurationPlatforms) = preSolution
		Debug|Any CPU = Debug|Any CPU
		Release|Any CPU = Release|Any CPU
	EndGlobalSection
	GlobalSection(ProjectConfigurationPlatforms) = postSolution
		{60081B3F-A138-45F6-9D24-D4EA138551E8}.Debug|Any CPU.ActiveCfg = Debug|Any CPU
		{60081B3F-A138-45F6-9D24-D4EA138551E8}.Debug|Any CPU.Build.0 = Debug|Any CPU
		{60081B3F-A138-45F6-9D24-D4EA138551E8}.Release|Any CPU.ActiveCfg = Release|Any CPU
		{60081B3F-A138-45F6-9D24-D4EA138551E8}.Release|Any CPU.Build.0 = Release|Any CPU
	EndGlobalSection
	GlobalSection(SolutionProperties) = preSolution
		HideSolutionNode = FALSE
	EndGlobalSection
	GlobalSection(ExtensibilityGlobals) = postSolution
		SolutionGuid = {1A1FCFD9-7587-4E2E-906A-55E3BADDB0A1}
	EndGlobalSection
EndGlobal
